
Microsoft Visual Studio Solution File, Format Version 12.00
# Visual Studio Version 17
VisualStudioVersion = 17.9.34701.34
MinimumVisualStudioVersion = 10.0.40219.1
Project("{FAE04EC0-301F-11D3-BF4B-00C04F79EFBC}") = "LAB_5_SADCHIKOV", "LAB_5_SADCHIKOV\LAB_5_SADCHIKOV.csproj", "{71CE324C-506E-444E-9B33-D31F39FECA39}"
EndProject
Global
	GlobalSection(SolutionConfigurationPlatforms) = preSolution
		Debug|Any CPU = Debug|Any CPU
		Release|Any CPU = Release|Any CPU
	EndGlobalSection
	GlobalSection(ProjectConfigurationPlatforms) = postSolution
		{71CE324C-506E-444E-9B33-D31F39FECA39}.Debug|Any CPU.ActiveCfg = Debug|Any CPU
		{71CE324C-506E-444E-9B33-D31F39FECA39}.Debug|Any CPU.Build.0 = Debug|Any CPU
		{71CE324C-506E-444E-9B33-D31F39FECA39}.Release|Any CPU.ActiveCfg = Release|Any CPU
		{71CE324C-506E-444E-9B33-D31F39FECA39}.Release|Any CPU.Build.0 = Release|Any CPU
	EndGlobalSection
	GlobalSection(SolutionProperties) = preSolution
		HideSolutionNode = FALSE
	EndGlobalSection
	GlobalSection(ExtensibilityGlobals) = postSolution
		SolutionGuid = {90F6BC9E-6D3A-4353-B8DC-56EAE0015F0C}
	EndGlobalSection
EndGlobal
