
Microsoft Visual Studio Solution File, Format Version 12.00
# Visual Studio Version 17
VisualStudioVersion = 17.5.33516.290
MinimumVisualStudioVersion = 10.0.40219.1
Project("{FAE04EC0-301F-11D3-BF4B-00C04F79EFBC}") = "LAB_1_SADCHIKOV", "LAB_1_SADCHIKOV\LAB_1_SADCHIKOV.csproj", "{625970F9-A705-41EA-A4D5-BFC2E39B9FAC}"
EndProject
Global
	GlobalSection(SolutionConfigurationPlatforms) = preSolution
		Debug|Any CPU = Debug|Any CPU
		Release|Any CPU = Release|Any CPU
	EndGlobalSection
	GlobalSection(ProjectConfigurationPlatforms) = postSolution
		{625970F9-A705-41EA-A4D5-BFC2E39B9FAC}.Debug|Any CPU.ActiveCfg = Debug|Any CPU
		{625970F9-A705-41EA-A4D5-BFC2E39B9FAC}.Debug|Any CPU.Build.0 = Debug|Any CPU
		{625970F9-A705-41EA-A4D5-BFC2E39B9FAC}.Release|Any CPU.ActiveCfg = Release|Any CPU
		{625970F9-A705-41EA-A4D5-BFC2E39B9FAC}.Release|Any CPU.Build.0 = Release|Any CPU
	EndGlobalSection
	GlobalSection(SolutionProperties) = preSolution
		HideSolutionNode = FALSE
	EndGlobalSection
	GlobalSection(ExtensibilityGlobals) = postSolution
		SolutionGuid = {59C0DEEE-1CA5-411C-A11A-FC5C9B5DC6C8}
	EndGlobalSection
EndGlobal
